
Microsoft Visual Studio Solution File, Format Version 9.00
# Visual Studio 2005
Project("{8BC9CEB8-8B4A-11D0-8D11-00A0C91BC942}") = "test_udump", "test_udump.vcproj", "{5009BA48-0AEF-4C94-A280-9A28661EF249}"
	ProjectSection(ProjectDependencies) = postProject
		{21D24B3B-7CBE-4C86-AB48-DEFEEC7222F0} = {21D24B3B-7CBE-4C86-AB48-DEFEEC7222F0}
	EndProjectSection
EndProject
Project("{8BC9CEB8-8B4A-11D0-8D11-00A0C91BC942}") = "test_mem", "test_mem.vcproj", "{FD75A3F8-143D-44D3-A011-28E005DA9AAF}"
	ProjectSection(ProjectDependencies) = postProject
		{21D24B3B-7CBE-4C86-AB48-DEFEEC7222F0} = {21D24B3B-7CBE-4C86-AB48-DEFEEC7222F0}
	EndProjectSection
EndProject
Project("{8BC9CEB8-8B4A-11D0-8D11-00A0C91BC942}") = "test_profiler", "test_profiler.vcproj", "{6B7CBCB3-5DBC-4869-995F-662970382D42}"
	ProjectSection(ProjectDependencies) = postProject
		{21D24B3B-7CBE-4C86-AB48-DEFEEC7222F0} = {21D24B3B-7CBE-4C86-AB48-DEFEEC7222F0}
	EndProjectSection
EndProject
Project("{8BC9CEB8-8B4A-11D0-8D11-00A0C91BC942}") = "test_util", "test_util.vcproj", "{F85F2FB1-A5A2-40F9-A71B-DB6E24606DD9}"
	ProjectSection(ProjectDependencies) = postProject
		{21D24B3B-7CBE-4C86-AB48-DEFEEC7222F0} = {21D24B3B-7CBE-4C86-AB48-DEFEEC7222F0}
	EndProjectSection
EndProject
Project("{8BC9CEB8-8B4A-11D0-8D11-00A0C91BC942}") = "python_module", "python_module.vcproj", "{B3522926-4F04-4838-B1C3-2442425A3059}"
	ProjectSection(ProjectDependencies) = postProject
		{21D24B3B-7CBE-4C86-AB48-DEFEEC7222F0} = {21D24B3B-7CBE-4C86-AB48-DEFEEC7222F0}
	EndProjectSection
EndProject
Project("{8BC9CEB8-8B4A-11D0-8D11-00A0C91BC942}") = "xcprof", "xcprof.vcproj", "{21D24B3B-7CBE-4C86-AB48-DEFEEC7222F0}"
	ProjectSection(ProjectDependencies) = postProject
		{FC3C76CD-32A4-461B-A7BE-AE695A0D2487} = {FC3C76CD-32A4-461B-A7BE-AE695A0D2487}
	EndProjectSection
EndProject
Project("{8BC9CEB8-8B4A-11D0-8D11-00A0C91BC942}") = "mod_xcprof", "mod_xcprof.vcproj", "{97591ADA-6612-46DB-8279-A2DCBAACB472}"
	ProjectSection(ProjectDependencies) = postProject
		{21D24B3B-7CBE-4C86-AB48-DEFEEC7222F0} = {21D24B3B-7CBE-4C86-AB48-DEFEEC7222F0}
	EndProjectSection
EndProject
Project("{8BC9CEB8-8B4A-11D0-8D11-00A0C91BC942}") = "xcprofsymbols", "xcprofsymbols.vcproj", "{02F5C6C3-4D6B-4360-B7D0-39EE13F4F8D7}"
	ProjectSection(ProjectDependencies) = postProject
		{FC3C76CD-32A4-461B-A7BE-AE695A0D2487} = {FC3C76CD-32A4-461B-A7BE-AE695A0D2487}
	EndProjectSection
EndProject
Project("{8BC9CEB8-8B4A-11D0-8D11-00A0C91BC942}") = "xcproftool", "xcproftool.vcproj", "{38628B6D-3EAB-4864-B877-6EB38C78321E}"
	ProjectSection(ProjectDependencies) = postProject
		{21D24B3B-7CBE-4C86-AB48-DEFEEC7222F0} = {21D24B3B-7CBE-4C86-AB48-DEFEEC7222F0}
	EndProjectSection
EndProject
Project("{2150E333-8FDC-42A3-9474-1A3956D46DE8}") = "Tests", "Tests", "{21DBE4EE-1B62-42B0-B821-7711DE9BC543}"
EndProject
Project("{8BC9CEB8-8B4A-11D0-8D11-00A0C91BC942}") = "setup", "setup.vcproj", "{A535DF88-4E6A-488B-B67D-74345D373943}"
	ProjectSection(ProjectDependencies) = postProject
		{97591ADA-6612-46DB-8279-A2DCBAACB472} = {97591ADA-6612-46DB-8279-A2DCBAACB472}
		{FC3C76CD-32A4-461B-A7BE-AE695A0D2487} = {FC3C76CD-32A4-461B-A7BE-AE695A0D2487}
		{02F5C6C3-4D6B-4360-B7D0-39EE13F4F8D7} = {02F5C6C3-4D6B-4360-B7D0-39EE13F4F8D7}
		{38628B6D-3EAB-4864-B877-6EB38C78321E} = {38628B6D-3EAB-4864-B877-6EB38C78321E}
		{21D24B3B-7CBE-4C86-AB48-DEFEEC7222F0} = {21D24B3B-7CBE-4C86-AB48-DEFEEC7222F0}
		{B3522926-4F04-4838-B1C3-2442425A3059} = {B3522926-4F04-4838-B1C3-2442425A3059}
	EndProjectSection
EndProject
Project("{8BC9CEB8-8B4A-11D0-8D11-00A0C91BC942}") = "xclib", "..\..\xclib\Win32\xclib.vcproj", "{FC3C76CD-32A4-461B-A7BE-AE695A0D2487}"
EndProject
Project("{2150E333-8FDC-42A3-9474-1A3956D46DE8}") = "xc tests", "xc tests", "{DD6507EE-046C-42BF-B812-EDCF29A409ED}"
EndProject
Project("{8BC9CEB8-8B4A-11D0-8D11-00A0C91BC942}") = "test_file", "..\..\xclib\Win32\test_file.vcproj", "{7F51154A-4EFC-42E2-8BBA-025A53560B07}"
	ProjectSection(ProjectDependencies) = postProject
		{FC3C76CD-32A4-461B-A7BE-AE695A0D2487} = {FC3C76CD-32A4-461B-A7BE-AE695A0D2487}
	EndProjectSection
EndProject
Project("{8BC9CEB8-8B4A-11D0-8D11-00A0C91BC942}") = "test_symboltable", "..\..\xclib\Win32\test_symboltable.vcproj", "{B99DE196-D2D8-4750-9275-50C33C84D54D}"
	ProjectSection(ProjectDependencies) = postProject
		{FC3C76CD-32A4-461B-A7BE-AE695A0D2487} = {FC3C76CD-32A4-461B-A7BE-AE695A0D2487}
	EndProjectSection
EndProject
Project("{8BC9CEB8-8B4A-11D0-8D11-00A0C91BC942}") = "test_tree", "..\..\xclib\Win32\test_tree.vcproj", "{DD8BBF14-29D5-4617-9478-0C32D26F09BD}"
	ProjectSection(ProjectDependencies) = postProject
		{FC3C76CD-32A4-461B-A7BE-AE695A0D2487} = {FC3C76CD-32A4-461B-A7BE-AE695A0D2487}
	EndProjectSection
EndProject
Global
	GlobalSection(SolutionConfigurationPlatforms) = preSolution
		Debug|Win32 = Debug|Win32
		DebugTS|Win32 = DebugTS|Win32
		DebugTSS|Win32 = DebugTSS|Win32
		Release|Win32 = Release|Win32
		ReleaseTS|Win32 = ReleaseTS|Win32
		ReleaseTSS|Win32 = ReleaseTSS|Win32
	EndGlobalSection
	GlobalSection(ProjectConfigurationPlatforms) = postSolution
		{5009BA48-0AEF-4C94-A280-9A28661EF249}.Debug|Win32.ActiveCfg = Debug|Win32
		{5009BA48-0AEF-4C94-A280-9A28661EF249}.Debug|Win32.Build.0 = Debug|Win32
		{5009BA48-0AEF-4C94-A280-9A28661EF249}.DebugTS|Win32.ActiveCfg = DebugTS|Win32
		{5009BA48-0AEF-4C94-A280-9A28661EF249}.DebugTS|Win32.Build.0 = DebugTS|Win32
		{5009BA48-0AEF-4C94-A280-9A28661EF249}.DebugTSS|Win32.ActiveCfg = DebugTSS|Win32
		{5009BA48-0AEF-4C94-A280-9A28661EF249}.Release|Win32.ActiveCfg = Release|Win32
		{5009BA48-0AEF-4C94-A280-9A28661EF249}.Release|Win32.Build.0 = Release|Win32
		{5009BA48-0AEF-4C94-A280-9A28661EF249}.ReleaseTS|Win32.ActiveCfg = ReleaseTS|Win32
		{5009BA48-0AEF-4C94-A280-9A28661EF249}.ReleaseTS|Win32.Build.0 = ReleaseTS|Win32
		{5009BA48-0AEF-4C94-A280-9A28661EF249}.ReleaseTSS|Win32.ActiveCfg = ReleaseTSS|Win32
		{FD75A3F8-143D-44D3-A011-28E005DA9AAF}.Debug|Win32.ActiveCfg = Debug|Win32
		{FD75A3F8-143D-44D3-A011-28E005DA9AAF}.Debug|Win32.Build.0 = Debug|Win32
		{FD75A3F8-143D-44D3-A011-28E005DA9AAF}.DebugTS|Win32.ActiveCfg = DebugTS|Win32
		{FD75A3F8-143D-44D3-A011-28E005DA9AAF}.DebugTS|Win32.Build.0 = DebugTS|Win32
		{FD75A3F8-143D-44D3-A011-28E005DA9AAF}.DebugTSS|Win32.ActiveCfg = DebugTSS|Win32
		{FD75A3F8-143D-44D3-A011-28E005DA9AAF}.Release|Win32.ActiveCfg = Release|Win32
		{FD75A3F8-143D-44D3-A011-28E005DA9AAF}.Release|Win32.Build.0 = Release|Win32
		{FD75A3F8-143D-44D3-A011-28E005DA9AAF}.ReleaseTS|Win32.ActiveCfg = ReleaseTS|Win32
		{FD75A3F8-143D-44D3-A011-28E005DA9AAF}.ReleaseTS|Win32.Build.0 = ReleaseTS|Win32
		{FD75A3F8-143D-44D3-A011-28E005DA9AAF}.ReleaseTSS|Win32.ActiveCfg = ReleaseTSS|Win32
		{6B7CBCB3-5DBC-4869-995F-662970382D42}.Debug|Win32.ActiveCfg = Debug|Win32
		{6B7CBCB3-5DBC-4869-995F-662970382D42}.Debug|Win32.Build.0 = Debug|Win32
		{6B7CBCB3-5DBC-4869-995F-662970382D42}.DebugTS|Win32.ActiveCfg = DebugTS|Win32
		{6B7CBCB3-5DBC-4869-995F-662970382D42}.DebugTS|Win32.Build.0 = DebugTS|Win32
		{6B7CBCB3-5DBC-4869-995F-662970382D42}.DebugTSS|Win32.ActiveCfg = DebugTSS|Win32
		{6B7CBCB3-5DBC-4869-995F-662970382D42}.DebugTSS|Win32.Build.0 = DebugTSS|Win32
		{6B7CBCB3-5DBC-4869-995F-662970382D42}.Release|Win32.ActiveCfg = Release|Win32
		{6B7CBCB3-5DBC-4869-995F-662970382D42}.Release|Win32.Build.0 = Release|Win32
		{6B7CBCB3-5DBC-4869-995F-662970382D42}.ReleaseTS|Win32.ActiveCfg = ReleaseTS|Win32
		{6B7CBCB3-5DBC-4869-995F-662970382D42}.ReleaseTS|Win32.Build.0 = ReleaseTS|Win32
		{6B7CBCB3-5DBC-4869-995F-662970382D42}.ReleaseTSS|Win32.ActiveCfg = ReleaseTSS|Win32
		{6B7CBCB3-5DBC-4869-995F-662970382D42}.ReleaseTSS|Win32.Build.0 = ReleaseTSS|Win32
		{F85F2FB1-A5A2-40F9-A71B-DB6E24606DD9}.Debug|Win32.ActiveCfg = Debug|Win32
		{F85F2FB1-A5A2-40F9-A71B-DB6E24606DD9}.Debug|Win32.Build.0 = Debug|Win32
		{F85F2FB1-A5A2-40F9-A71B-DB6E24606DD9}.DebugTS|Win32.ActiveCfg = DebugTS|Win32
		{F85F2FB1-A5A2-40F9-A71B-DB6E24606DD9}.DebugTS|Win32.Build.0 = DebugTS|Win32
		{F85F2FB1-A5A2-40F9-A71B-DB6E24606DD9}.DebugTSS|Win32.ActiveCfg = DebugTSS|Win32
		{F85F2FB1-A5A2-40F9-A71B-DB6E24606DD9}.Release|Win32.ActiveCfg = Release|Win32
		{F85F2FB1-A5A2-40F9-A71B-DB6E24606DD9}.Release|Win32.Build.0 = Release|Win32
		{F85F2FB1-A5A2-40F9-A71B-DB6E24606DD9}.ReleaseTS|Win32.ActiveCfg = ReleaseTS|Win32
		{F85F2FB1-A5A2-40F9-A71B-DB6E24606DD9}.ReleaseTS|Win32.Build.0 = ReleaseTS|Win32
		{F85F2FB1-A5A2-40F9-A71B-DB6E24606DD9}.ReleaseTSS|Win32.ActiveCfg = ReleaseTSS|Win32
		{B3522926-4F04-4838-B1C3-2442425A3059}.Debug|Win32.ActiveCfg = DebugTSS|Win32
		{B3522926-4F04-4838-B1C3-2442425A3059}.Debug|Win32.Build.0 = DebugTSS|Win32
		{B3522926-4F04-4838-B1C3-2442425A3059}.DebugTS|Win32.ActiveCfg = DebugTSS|Win32
		{B3522926-4F04-4838-B1C3-2442425A3059}.DebugTS|Win32.Build.0 = DebugTSS|Win32
		{B3522926-4F04-4838-B1C3-2442425A3059}.DebugTSS|Win32.ActiveCfg = ReleaseTSS|Win32
		{B3522926-4F04-4838-B1C3-2442425A3059}.DebugTSS|Win32.Build.0 = ReleaseTSS|Win32
		{B3522926-4F04-4838-B1C3-2442425A3059}.Release|Win32.ActiveCfg = ReleaseTSS|Win32
		{B3522926-4F04-4838-B1C3-2442425A3059}.Release|Win32.Build.0 = ReleaseTSS|Win32
		{B3522926-4F04-4838-B1C3-2442425A3059}.ReleaseTS|Win32.ActiveCfg = ReleaseTSS|Win32
		{B3522926-4F04-4838-B1C3-2442425A3059}.ReleaseTS|Win32.Build.0 = ReleaseTSS|Win32
		{B3522926-4F04-4838-B1C3-2442425A3059}.ReleaseTSS|Win32.ActiveCfg = ReleaseTSS|Win32
		{B3522926-4F04-4838-B1C3-2442425A3059}.ReleaseTSS|Win32.Build.0 = ReleaseTSS|Win32
		{21D24B3B-7CBE-4C86-AB48-DEFEEC7222F0}.Debug|Win32.ActiveCfg = Debug|Win32
		{21D24B3B-7CBE-4C86-AB48-DEFEEC7222F0}.Debug|Win32.Build.0 = Debug|Win32
		{21D24B3B-7CBE-4C86-AB48-DEFEEC7222F0}.DebugTS|Win32.ActiveCfg = DebugTS|Win32
		{21D24B3B-7CBE-4C86-AB48-DEFEEC7222F0}.DebugTS|Win32.Build.0 = DebugTS|Win32
		{21D24B3B-7CBE-4C86-AB48-DEFEEC7222F0}.DebugTSS|Win32.ActiveCfg = DebugTSS|Win32
		{21D24B3B-7CBE-4C86-AB48-DEFEEC7222F0}.DebugTSS|Win32.Build.0 = DebugTSS|Win32
		{21D24B3B-7CBE-4C86-AB48-DEFEEC7222F0}.Release|Win32.ActiveCfg = Release|Win32
		{21D24B3B-7CBE-4C86-AB48-DEFEEC7222F0}.Release|Win32.Build.0 = Release|Win32
		{21D24B3B-7CBE-4C86-AB48-DEFEEC7222F0}.ReleaseTS|Win32.ActiveCfg = ReleaseTS|Win32
		{21D24B3B-7CBE-4C86-AB48-DEFEEC7222F0}.ReleaseTS|Win32.Build.0 = ReleaseTS|Win32
		{21D24B3B-7CBE-4C86-AB48-DEFEEC7222F0}.ReleaseTSS|Win32.ActiveCfg = ReleaseTSS|Win32
		{21D24B3B-7CBE-4C86-AB48-DEFEEC7222F0}.ReleaseTSS|Win32.Build.0 = ReleaseTSS|Win32
		{97591ADA-6612-46DB-8279-A2DCBAACB472}.Debug|Win32.ActiveCfg = DebugTSS|Win32
		{97591ADA-6612-46DB-8279-A2DCBAACB472}.Debug|Win32.Build.0 = DebugTSS|Win32
		{97591ADA-6612-46DB-8279-A2DCBAACB472}.DebugTS|Win32.ActiveCfg = DebugTSS|Win32
		{97591ADA-6612-46DB-8279-A2DCBAACB472}.DebugTS|Win32.Build.0 = DebugTSS|Win32
		{97591ADA-6612-46DB-8279-A2DCBAACB472}.DebugTSS|Win32.ActiveCfg = ReleaseTSS|Win32
		{97591ADA-6612-46DB-8279-A2DCBAACB472}.DebugTSS|Win32.Build.0 = ReleaseTSS|Win32
		{97591ADA-6612-46DB-8279-A2DCBAACB472}.Release|Win32.ActiveCfg = ReleaseTSS|Win32
		{97591ADA-6612-46DB-8279-A2DCBAACB472}.Release|Win32.Build.0 = ReleaseTSS|Win32
		{97591ADA-6612-46DB-8279-A2DCBAACB472}.ReleaseTS|Win32.ActiveCfg = ReleaseTSS|Win32
		{97591ADA-6612-46DB-8279-A2DCBAACB472}.ReleaseTS|Win32.Build.0 = ReleaseTSS|Win32
		{97591ADA-6612-46DB-8279-A2DCBAACB472}.ReleaseTSS|Win32.ActiveCfg = ReleaseTSS|Win32
		{97591ADA-6612-46DB-8279-A2DCBAACB472}.ReleaseTSS|Win32.Build.0 = ReleaseTSS|Win32
		{02F5C6C3-4D6B-4360-B7D0-39EE13F4F8D7}.Debug|Win32.ActiveCfg = Debug|Win32
		{02F5C6C3-4D6B-4360-B7D0-39EE13F4F8D7}.Debug|Win32.Build.0 = Debug|Win32
		{02F5C6C3-4D6B-4360-B7D0-39EE13F4F8D7}.DebugTS|Win32.ActiveCfg = Debug|Win32
		{02F5C6C3-4D6B-4360-B7D0-39EE13F4F8D7}.DebugTSS|Win32.ActiveCfg = Debug|Win32
		{02F5C6C3-4D6B-4360-B7D0-39EE13F4F8D7}.Release|Win32.ActiveCfg = Release|Win32
		{02F5C6C3-4D6B-4360-B7D0-39EE13F4F8D7}.Release|Win32.Build.0 = Release|Win32
		{02F5C6C3-4D6B-4360-B7D0-39EE13F4F8D7}.ReleaseTS|Win32.ActiveCfg = Release|Win32
		{02F5C6C3-4D6B-4360-B7D0-39EE13F4F8D7}.ReleaseTSS|Win32.ActiveCfg = Release|Win32
		{38628B6D-3EAB-4864-B877-6EB38C78321E}.Debug|Win32.ActiveCfg = Debug|Win32
		{38628B6D-3EAB-4864-B877-6EB38C78321E}.Debug|Win32.Build.0 = Debug|Win32
		{38628B6D-3EAB-4864-B877-6EB38C78321E}.DebugTS|Win32.ActiveCfg = Debug|Win32
		{38628B6D-3EAB-4864-B877-6EB38C78321E}.DebugTSS|Win32.ActiveCfg = Debug|Win32
		{38628B6D-3EAB-4864-B877-6EB38C78321E}.Release|Win32.ActiveCfg = Release|Win32
		{38628B6D-3EAB-4864-B877-6EB38C78321E}.Release|Win32.Build.0 = Release|Win32
		{38628B6D-3EAB-4864-B877-6EB38C78321E}.ReleaseTS|Win32.ActiveCfg = Release|Win32
		{38628B6D-3EAB-4864-B877-6EB38C78321E}.ReleaseTSS|Win32.ActiveCfg = Release|Win32
		{A535DF88-4E6A-488B-B67D-74345D373943}.Debug|Win32.ActiveCfg = Setup|Win32
		{A535DF88-4E6A-488B-B67D-74345D373943}.Debug|Win32.Build.0 = Setup|Win32
		{A535DF88-4E6A-488B-B67D-74345D373943}.DebugTS|Win32.ActiveCfg = Setup|Win32
		{A535DF88-4E6A-488B-B67D-74345D373943}.DebugTS|Win32.Build.0 = Setup|Win32
		{A535DF88-4E6A-488B-B67D-74345D373943}.DebugTSS|Win32.ActiveCfg = Setup|Win32
		{A535DF88-4E6A-488B-B67D-74345D373943}.Release|Win32.ActiveCfg = Setup|Win32
		{A535DF88-4E6A-488B-B67D-74345D373943}.Release|Win32.Build.0 = Setup|Win32
		{A535DF88-4E6A-488B-B67D-74345D373943}.ReleaseTS|Win32.ActiveCfg = Setup|Win32
		{A535DF88-4E6A-488B-B67D-74345D373943}.ReleaseTS|Win32.Build.0 = Setup|Win32
		{A535DF88-4E6A-488B-B67D-74345D373943}.ReleaseTSS|Win32.ActiveCfg = Setup|Win32
		{A535DF88-4E6A-488B-B67D-74345D373943}.ReleaseTSS|Win32.Build.0 = Setup|Win32
		{FC3C76CD-32A4-461B-A7BE-AE695A0D2487}.Debug|Win32.ActiveCfg = Debug|Win32
		{FC3C76CD-32A4-461B-A7BE-AE695A0D2487}.Debug|Win32.Build.0 = Debug|Win32
		{FC3C76CD-32A4-461B-A7BE-AE695A0D2487}.DebugTS|Win32.ActiveCfg = DebugTS|Win32
		{FC3C76CD-32A4-461B-A7BE-AE695A0D2487}.DebugTS|Win32.Build.0 = DebugTS|Win32
		{FC3C76CD-32A4-461B-A7BE-AE695A0D2487}.DebugTSS|Win32.ActiveCfg = DebugTSS|Win32
		{FC3C76CD-32A4-461B-A7BE-AE695A0D2487}.DebugTSS|Win32.Build.0 = DebugTSS|Win32
		{FC3C76CD-32A4-461B-A7BE-AE695A0D2487}.Release|Win32.ActiveCfg = Release|Win32
		{FC3C76CD-32A4-461B-A7BE-AE695A0D2487}.Release|Win32.Build.0 = Release|Win32
		{FC3C76CD-32A4-461B-A7BE-AE695A0D2487}.ReleaseTS|Win32.ActiveCfg = ReleaseTS|Win32
		{FC3C76CD-32A4-461B-A7BE-AE695A0D2487}.ReleaseTS|Win32.Build.0 = ReleaseTS|Win32
		{FC3C76CD-32A4-461B-A7BE-AE695A0D2487}.ReleaseTSS|Win32.ActiveCfg = ReleaseTSS|Win32
		{FC3C76CD-32A4-461B-A7BE-AE695A0D2487}.ReleaseTSS|Win32.Build.0 = ReleaseTSS|Win32
		{7F51154A-4EFC-42E2-8BBA-025A53560B07}.Debug|Win32.ActiveCfg = Debug|Win32
		{7F51154A-4EFC-42E2-8BBA-025A53560B07}.Debug|Win32.Build.0 = Debug|Win32
		{7F51154A-4EFC-42E2-8BBA-025A53560B07}.DebugTS|Win32.ActiveCfg = DebugTS|Win32
		{7F51154A-4EFC-42E2-8BBA-025A53560B07}.DebugTS|Win32.Build.0 = DebugTS|Win32
		{7F51154A-4EFC-42E2-8BBA-025A53560B07}.DebugTSS|Win32.ActiveCfg = DebugTSS|Win32
		{7F51154A-4EFC-42E2-8BBA-025A53560B07}.DebugTSS|Win32.Build.0 = DebugTSS|Win32
		{7F51154A-4EFC-42E2-8BBA-025A53560B07}.Release|Win32.ActiveCfg = Release|Win32
		{7F51154A-4EFC-42E2-8BBA-025A53560B07}.Release|Win32.Build.0 = Release|Win32
		{7F51154A-4EFC-42E2-8BBA-025A53560B07}.ReleaseTS|Win32.ActiveCfg = ReleaseTS|Win32
		{7F51154A-4EFC-42E2-8BBA-025A53560B07}.ReleaseTS|Win32.Build.0 = ReleaseTS|Win32
		{7F51154A-4EFC-42E2-8BBA-025A53560B07}.ReleaseTSS|Win32.ActiveCfg = ReleaseTSS|Win32
		{7F51154A-4EFC-42E2-8BBA-025A53560B07}.ReleaseTSS|Win32.Build.0 = ReleaseTSS|Win32
		{B99DE196-D2D8-4750-9275-50C33C84D54D}.Debug|Win32.ActiveCfg = Debug|Win32
		{B99DE196-D2D8-4750-9275-50C33C84D54D}.Debug|Win32.Build.0 = Debug|Win32
		{B99DE196-D2D8-4750-9275-50C33C84D54D}.DebugTS|Win32.ActiveCfg = DebugTS|Win32
		{B99DE196-D2D8-4750-9275-50C33C84D54D}.DebugTS|Win32.Build.0 = DebugTS|Win32
		{B99DE196-D2D8-4750-9275-50C33C84D54D}.DebugTSS|Win32.ActiveCfg = DebugTSS|Win32
		{B99DE196-D2D8-4750-9275-50C33C84D54D}.DebugTSS|Win32.Build.0 = DebugTSS|Win32
		{B99DE196-D2D8-4750-9275-50C33C84D54D}.Release|Win32.ActiveCfg = Release|Win32
		{B99DE196-D2D8-4750-9275-50C33C84D54D}.Release|Win32.Build.0 = Release|Win32
		{B99DE196-D2D8-4750-9275-50C33C84D54D}.ReleaseTS|Win32.ActiveCfg = ReleaseTS|Win32
		{B99DE196-D2D8-4750-9275-50C33C84D54D}.ReleaseTS|Win32.Build.0 = ReleaseTS|Win32
		{B99DE196-D2D8-4750-9275-50C33C84D54D}.ReleaseTSS|Win32.ActiveCfg = ReleaseTSS|Win32
		{B99DE196-D2D8-4750-9275-50C33C84D54D}.ReleaseTSS|Win32.Build.0 = ReleaseTSS|Win32
		{DD8BBF14-29D5-4617-9478-0C32D26F09BD}.Debug|Win32.ActiveCfg = Debug|Win32
		{DD8BBF14-29D5-4617-9478-0C32D26F09BD}.Debug|Win32.Build.0 = Debug|Win32
		{DD8BBF14-29D5-4617-9478-0C32D26F09BD}.DebugTS|Win32.ActiveCfg = DebugTS|Win32
		{DD8BBF14-29D5-4617-9478-0C32D26F09BD}.DebugTS|Win32.Build.0 = DebugTS|Win32
		{DD8BBF14-29D5-4617-9478-0C32D26F09BD}.DebugTSS|Win32.ActiveCfg = DebugTSS|Win32
		{DD8BBF14-29D5-4617-9478-0C32D26F09BD}.DebugTSS|Win32.Build.0 = DebugTSS|Win32
		{DD8BBF14-29D5-4617-9478-0C32D26F09BD}.Release|Win32.ActiveCfg = Release|Win32
		{DD8BBF14-29D5-4617-9478-0C32D26F09BD}.Release|Win32.Build.0 = Release|Win32
		{DD8BBF14-29D5-4617-9478-0C32D26F09BD}.ReleaseTS|Win32.ActiveCfg = ReleaseTS|Win32
		{DD8BBF14-29D5-4617-9478-0C32D26F09BD}.ReleaseTS|Win32.Build.0 = ReleaseTS|Win32
		{DD8BBF14-29D5-4617-9478-0C32D26F09BD}.ReleaseTSS|Win32.ActiveCfg = ReleaseTSS|Win32
		{DD8BBF14-29D5-4617-9478-0C32D26F09BD}.ReleaseTSS|Win32.Build.0 = ReleaseTSS|Win32
	EndGlobalSection
	GlobalSection(SolutionProperties) = preSolution
		HideSolutionNode = FALSE
	EndGlobalSection
	GlobalSection(NestedProjects) = preSolution
		{5009BA48-0AEF-4C94-A280-9A28661EF249} = {21DBE4EE-1B62-42B0-B821-7711DE9BC543}
		{FD75A3F8-143D-44D3-A011-28E005DA9AAF} = {21DBE4EE-1B62-42B0-B821-7711DE9BC543}
		{6B7CBCB3-5DBC-4869-995F-662970382D42} = {21DBE4EE-1B62-42B0-B821-7711DE9BC543}
		{F85F2FB1-A5A2-40F9-A71B-DB6E24606DD9} = {21DBE4EE-1B62-42B0-B821-7711DE9BC543}
		{DD6507EE-046C-42BF-B812-EDCF29A409ED} = {21DBE4EE-1B62-42B0-B821-7711DE9BC543}
		{7F51154A-4EFC-42E2-8BBA-025A53560B07} = {DD6507EE-046C-42BF-B812-EDCF29A409ED}
		{B99DE196-D2D8-4750-9275-50C33C84D54D} = {DD6507EE-046C-42BF-B812-EDCF29A409ED}
		{DD8BBF14-29D5-4617-9478-0C32D26F09BD} = {DD6507EE-046C-42BF-B812-EDCF29A409ED}
	EndGlobalSection
EndGlobal
